
Microsoft Visual Studio Solution File, Format Version 12.00
# Visual Studio Version 16
VisualStudioVersion = 16.0.29215.179
MinimumVisualStudioVersion = 10.0.40219.1
Project("{FAE04EC0-301F-11D3-BF4B-00C04F79EFBC}") = "Exercise1", "Exercise1\Exercise1.csproj", "{799B2E43-AE87-48BB-8A12-519F41ABE4A1}"
EndProject
Project("{FAE04EC0-301F-11D3-BF4B-00C04F79EFBC}") = "Exercise2", "Exercise2\Exercise2.csproj", "{E5FF5C0E-3446-449F-98BA-545475AABA1E}"
EndProject
Global
	GlobalSection(SolutionConfigurationPlatforms) = preSolution
		Debug|Any CPU = Debug|Any CPU
		Release|Any CPU = Release|Any CPU
	EndGlobalSection
	GlobalSection(ProjectConfigurationPlatforms) = postSolution
		{799B2E43-AE87-48BB-8A12-519F41ABE4A1}.Debug|Any CPU.ActiveCfg = Debug|Any CPU
		{799B2E43-AE87-48BB-8A12-519F41ABE4A1}.Debug|Any CPU.Build.0 = Debug|Any CPU
		{799B2E43-AE87-48BB-8A12-519F41ABE4A1}.Release|Any CPU.ActiveCfg = Release|Any CPU
		{799B2E43-AE87-48BB-8A12-519F41ABE4A1}.Release|Any CPU.Build.0 = Release|Any CPU
		{E5FF5C0E-3446-449F-98BA-545475AABA1E}.Debug|Any CPU.ActiveCfg = Debug|Any CPU
		{E5FF5C0E-3446-449F-98BA-545475AABA1E}.Debug|Any CPU.Build.0 = Debug|Any CPU
		{E5FF5C0E-3446-449F-98BA-545475AABA1E}.Release|Any CPU.ActiveCfg = Release|Any CPU
		{E5FF5C0E-3446-449F-98BA-545475AABA1E}.Release|Any CPU.Build.0 = Release|Any CPU
	EndGlobalSection
	GlobalSection(SolutionProperties) = preSolution
		HideSolutionNode = FALSE
	EndGlobalSection
	GlobalSection(ExtensibilityGlobals) = postSolution
		SolutionGuid = {E82155AA-7B39-416E-9DC6-229794FB295C}
	EndGlobalSection
EndGlobal
